
Microsoft Visual Studio Solution File, Format Version 12.00
# Visual Studio Version 17
VisualStudioVersion = 17.1.32414.318
MinimumVisualStudioVersion = 10.0.40219.1
Project("{FAE04EC0-301F-11D3-BF4B-00C04F79EFBC}") = "MoodAnalyzer", "MoodAnalyzer.csproj", "{21664D4E-61F4-418D-B04F-E2F02AD30C31}"
EndProject
Global
	GlobalSection(SolutionConfigurationPlatforms) = preSolution
		Debug|Any CPU = Debug|Any CPU
		Release|Any CPU = Release|Any CPU
	EndGlobalSection
	GlobalSection(ProjectConfigurationPlatforms) = postSolution
		{21664D4E-61F4-418D-B04F-E2F02AD30C31}.Debug|Any CPU.ActiveCfg = Debug|Any CPU
		{21664D4E-61F4-418D-B04F-E2F02AD30C31}.Debug|Any CPU.Build.0 = Debug|Any CPU
		{21664D4E-61F4-418D-B04F-E2F02AD30C31}.Release|Any CPU.ActiveCfg = Release|Any CPU
		{21664D4E-61F4-418D-B04F-E2F02AD30C31}.Release|Any CPU.Build.0 = Release|Any CPU
	EndGlobalSection
	GlobalSection(SolutionProperties) = preSolution
		HideSolutionNode = FALSE
	EndGlobalSection
	GlobalSection(ExtensibilityGlobals) = postSolution
		SolutionGuid = {E5C5373F-C4AA-48D2-BDDC-6088B1C852BE}
	EndGlobalSection
EndGlobal
